
Microsoft Visual Studio Solution File, Format Version 12.00
Project("{FAE04EC0-301F-11D3-BF4B-00C04F79EFBC}") = "Patterns", "Patterns\Patterns.csproj", "{B4EB5872-C8AA-43C9-8705-ED766DD574BA}"
EndProject
Global
	GlobalSection(SolutionConfigurationPlatforms) = preSolution
		Debug|Any CPU = Debug|Any CPU
		Release|Any CPU = Release|Any CPU
	EndGlobalSection
	GlobalSection(ProjectConfigurationPlatforms) = postSolution
		{B4EB5872-C8AA-43C9-8705-ED766DD574BA}.Debug|Any CPU.ActiveCfg = Debug|Any CPU
		{B4EB5872-C8AA-43C9-8705-ED766DD574BA}.Debug|Any CPU.Build.0 = Debug|Any CPU
		{B4EB5872-C8AA-43C9-8705-ED766DD574BA}.Release|Any CPU.ActiveCfg = Release|Any CPU
		{B4EB5872-C8AA-43C9-8705-ED766DD574BA}.Release|Any CPU.Build.0 = Release|Any CPU
	EndGlobalSection
EndGlobal
